
Microsoft Visual Studio Solution File, Format Version 12.00
# Visual Studio Version 17
VisualStudioVersion = 17.0.31903.59
MinimumVisualStudioVersion = 10.0.40219.1
Project("{FAE04EC0-301F-11D3-BF4B-00C04F79EFBC}") = "Web", "Web\Web.csproj", "{82CBED17-7464-4BC9-89A4-1D11BC0346F7}"
EndProject
Project("{E53339B2-1760-4266-BCC7-CA923CBCF16C}") = "docker-compose", "docker-compose.dcproj", "{97E142A2-4660-4132-B289-D321B70FDF1C}"
EndProject
Global
	GlobalSection(SolutionConfigurationPlatforms) = preSolution
		Debug|Any CPU = Debug|Any CPU
		Release|Any CPU = Release|Any CPU
	EndGlobalSection
	GlobalSection(ProjectConfigurationPlatforms) = postSolution
		{82CBED17-7464-4BC9-89A4-1D11BC0346F7}.Debug|Any CPU.ActiveCfg = Debug|Any CPU
		{82CBED17-7464-4BC9-89A4-1D11BC0346F7}.Debug|Any CPU.Build.0 = Debug|Any CPU
		{82CBED17-7464-4BC9-89A4-1D11BC0346F7}.Release|Any CPU.ActiveCfg = Release|Any CPU
		{82CBED17-7464-4BC9-89A4-1D11BC0346F7}.Release|Any CPU.Build.0 = Release|Any CPU
		{97E142A2-4660-4132-B289-D321B70FDF1C}.Debug|Any CPU.ActiveCfg = Debug|Any CPU
		{97E142A2-4660-4132-B289-D321B70FDF1C}.Debug|Any CPU.Build.0 = Debug|Any CPU
		{97E142A2-4660-4132-B289-D321B70FDF1C}.Release|Any CPU.ActiveCfg = Release|Any CPU
		{97E142A2-4660-4132-B289-D321B70FDF1C}.Release|Any CPU.Build.0 = Release|Any CPU
	EndGlobalSection
	GlobalSection(SolutionProperties) = preSolution
		HideSolutionNode = FALSE
	EndGlobalSection
	GlobalSection(ExtensibilityGlobals) = postSolution
		SolutionGuid = {4CE3E684-9765-48F5-9764-9B7BA02A169A}
	EndGlobalSection
EndGlobal
